
Microsoft Visual Studio Solution File, Format Version 12.00
# Visual Studio Version 17
VisualStudioVersion = 17.0.31903.59
MinimumVisualStudioVersion = 10.0.40219.1
Project("{FAE04EC0-301F-11D3-BF4B-00C04F79EFBC}") = "DigitalLibrary", "DigitalLibrary\DigitalLibrary.csproj", "{EA800672-A9A3-4D33-B809-21B83EF66756}"
EndProject
Global
	GlobalSection(SolutionConfigurationPlatforms) = preSolution
		Debug|Any CPU = Debug|Any CPU
		Release|Any CPU = Release|Any CPU
	EndGlobalSection
	GlobalSection(ProjectConfigurationPlatforms) = postSolution
		{EA800672-A9A3-4D33-B809-21B83EF66756}.Debug|Any CPU.ActiveCfg = Debug|Any CPU
		{EA800672-A9A3-4D33-B809-21B83EF66756}.Debug|Any CPU.Build.0 = Debug|Any CPU
		{EA800672-A9A3-4D33-B809-21B83EF66756}.Release|Any CPU.ActiveCfg = Release|Any CPU
		{EA800672-A9A3-4D33-B809-21B83EF66756}.Release|Any CPU.Build.0 = Release|Any CPU
	EndGlobalSection
	GlobalSection(SolutionProperties) = preSolution
		HideSolutionNode = FALSE
	EndGlobalSection
	GlobalSection(ExtensibilityGlobals) = postSolution
		SolutionGuid = {E558209E-E497-4858-81B7-592300E9972E}
	EndGlobalSection
EndGlobal
